
Microsoft Visual Studio Solution File, Format Version 12.00
# Visual Studio 14
VisualStudioVersion = 14.0.23107.0
MinimumVisualStudioVersion = 10.0.40219.1
Project("{2150E333-8FDC-42A3-9474-1A3956D46DE8}") = "src", "src", "{01D57C88-0BE3-42CD-87E4-091C96ACAFC3}"
EndProject
Project("{2150E333-8FDC-42A3-9474-1A3956D46DE8}") = "Solution Items", "Solution Items", "{9715F26B-B9EA-496A-BAF2-B329A7CFA8D8}"
	ProjectSection(SolutionItems) = preProject
		global.json = global.json
		NuGet.Config = NuGet.Config
	EndProjectSection
EndProject
Project("{8BB2217D-0F2D-49D1-97BC-3654ED321F3B}") = "ToracGolf", "src\ToracGolf\ToracGolf.xproj", "{5668E3FE-8F56-4B4B-BA48-31BE31FE67B9}"
EndProject
Project("{FAE04EC0-301F-11D3-BF4B-00C04F79EFBC}") = "Torac.Core", "src\Torac.Core\Torac.Core.csproj", "{2AF4421A-399F-445B-ADBF-EF23F6E19FC4}"
EndProject
Global
	GlobalSection(SolutionConfigurationPlatforms) = preSolution
		Debug|Any CPU = Debug|Any CPU
		Release|Any CPU = Release|Any CPU
	EndGlobalSection
	GlobalSection(ProjectConfigurationPlatforms) = postSolution
		{5668E3FE-8F56-4B4B-BA48-31BE31FE67B9}.Debug|Any CPU.ActiveCfg = Debug|Any CPU
		{5668E3FE-8F56-4B4B-BA48-31BE31FE67B9}.Debug|Any CPU.Build.0 = Debug|Any CPU
		{5668E3FE-8F56-4B4B-BA48-31BE31FE67B9}.Release|Any CPU.ActiveCfg = Release|Any CPU
		{5668E3FE-8F56-4B4B-BA48-31BE31FE67B9}.Release|Any CPU.Build.0 = Release|Any CPU
		{2AF4421A-399F-445B-ADBF-EF23F6E19FC4}.Debug|Any CPU.ActiveCfg = Debug|Any CPU
		{2AF4421A-399F-445B-ADBF-EF23F6E19FC4}.Debug|Any CPU.Build.0 = Debug|Any CPU
		{2AF4421A-399F-445B-ADBF-EF23F6E19FC4}.Release|Any CPU.ActiveCfg = Release|Any CPU
		{2AF4421A-399F-445B-ADBF-EF23F6E19FC4}.Release|Any CPU.Build.0 = Release|Any CPU
	EndGlobalSection
	GlobalSection(SolutionProperties) = preSolution
		HideSolutionNode = FALSE
	EndGlobalSection
	GlobalSection(NestedProjects) = preSolution
		{5668E3FE-8F56-4B4B-BA48-31BE31FE67B9} = {01D57C88-0BE3-42CD-87E4-091C96ACAFC3}
		{2AF4421A-399F-445B-ADBF-EF23F6E19FC4} = {01D57C88-0BE3-42CD-87E4-091C96ACAFC3}
	EndGlobalSection
EndGlobal
